
Microsoft Visual Studio Solution File, Format Version 12.00
# Visual Studio Version 16
VisualStudioVersion = 16.0.31911.196
MinimumVisualStudioVersion = 10.0.40219.1
Project("{FAE04EC0-301F-11D3-BF4B-00C04F79EFBC}") = "lab01_inheritance", "lab01_inheritance.csproj", "{0806199D-A2AC-49F1-8758-41C5EFE01885}"
EndProject
Global
	GlobalSection(SolutionConfigurationPlatforms) = preSolution
		Debug|Any CPU = Debug|Any CPU
		Release|Any CPU = Release|Any CPU
	EndGlobalSection
	GlobalSection(ProjectConfigurationPlatforms) = postSolution
		{0806199D-A2AC-49F1-8758-41C5EFE01885}.Debug|Any CPU.ActiveCfg = Debug|Any CPU
		{0806199D-A2AC-49F1-8758-41C5EFE01885}.Debug|Any CPU.Build.0 = Debug|Any CPU
		{0806199D-A2AC-49F1-8758-41C5EFE01885}.Release|Any CPU.ActiveCfg = Release|Any CPU
		{0806199D-A2AC-49F1-8758-41C5EFE01885}.Release|Any CPU.Build.0 = Release|Any CPU
	EndGlobalSection
	GlobalSection(SolutionProperties) = preSolution
		HideSolutionNode = FALSE
	EndGlobalSection
	GlobalSection(ExtensibilityGlobals) = postSolution
		SolutionGuid = {7C62D47B-4A4C-436A-B758-1F69B4671E74}
	EndGlobalSection
EndGlobal
